
Microsoft Visual Studio Solution File, Format Version 12.00
# Visual Studio Version 17
VisualStudioVersion = 17.11.35303.130
MinimumVisualStudioVersion = 10.0.40219.1
Project("{FAE04EC0-301F-11D3-BF4B-00C04F79EFBC}") = "API_Rest", "API_Rest\API_Rest.csproj", "{C72D31C5-604F-4D8A-9CD4-CA75075DE2AF}"
EndProject
Global
	GlobalSection(SolutionConfigurationPlatforms) = preSolution
		Debug|Any CPU = Debug|Any CPU
		Release|Any CPU = Release|Any CPU
	EndGlobalSection
	GlobalSection(ProjectConfigurationPlatforms) = postSolution
		{C72D31C5-604F-4D8A-9CD4-CA75075DE2AF}.Debug|Any CPU.ActiveCfg = Debug|Any CPU
		{C72D31C5-604F-4D8A-9CD4-CA75075DE2AF}.Debug|Any CPU.Build.0 = Debug|Any CPU
		{C72D31C5-604F-4D8A-9CD4-CA75075DE2AF}.Release|Any CPU.ActiveCfg = Release|Any CPU
		{C72D31C5-604F-4D8A-9CD4-CA75075DE2AF}.Release|Any CPU.Build.0 = Release|Any CPU
	EndGlobalSection
	GlobalSection(SolutionProperties) = preSolution
		HideSolutionNode = FALSE
	EndGlobalSection
	GlobalSection(ExtensibilityGlobals) = postSolution
		SolutionGuid = {BA30D989-CC87-4FC6-AA76-713AD583741B}
	EndGlobalSection
EndGlobal
